schema: '2.0'
stages:
  data_ingestion:
    cmd: python src/customer_churn/pipelines/pipe_01_data_ingestion.py
    deps:
    - path: config/config.yaml
      hash: md5
      md5: 75455482a504ed60d504fe0d9c6423bf
      size: 2855
    - path: src/customer_churn/pipelines/pipe_01_data_ingestion.py
      hash: md5
      md5: dda2ce69c8e3a9eb775c5aa9037c0dea
      size: 1285
    outs:
    - path: artifacts/data_ingestion/churndb.csv
      hash: md5
      md5: 7ba3988234f42005c9ebcdce608914c7
      size: 7733862
    - path: artifacts/data_ingestion/metadata.json
      hash: md5
      md5: 7740bbebcd9f89eac85b02220d00313d
      size: 207
  data_validation:
    cmd: python src/customer_churn/pipelines/pipe_02_data_validation.py
    deps:
    - path: artifacts/data_ingestion/churndb.csv
      hash: md5
      md5: 7ba3988234f42005c9ebcdce608914c7
      size: 7733862
    - path: config/config.yaml
      hash: md5
      md5: 75455482a504ed60d504fe0d9c6423bf
      size: 2855
    - path: src/customer_churn/pipelines/pipe_02_data_validation.py
      hash: md5
      md5: 8f0323b801e2732b437fefb530ce9a4d
      size: 2370
    outs:
    - path: artifacts/data_validation/status.json
      hash: md5
      md5: 536dfc3f0c562ae74b2f17d8faf8c6e3
      size: 110
  data_transformation:
    cmd: python src/customer_churn/pipelines/pipe_03_data_transformation.py
    deps:
    - path: config/config.yaml
      hash: md5
      md5: 75455482a504ed60d504fe0d9c6423bf
      size: 2855
    - path: src/customer_churn/pipelines/pipe_03_data_transformation.py
      hash: md5
      md5: be8adc1e95c65217c5f7a9b181c3c1d9
      size: 2766
    outs:
    - path: artifacts/data_transformation/X_test_transformed.joblib
      hash: md5
      md5: 4b2625fa46bfbd8deaeb1800b394203c
      size: 976865
    - path: artifacts/data_transformation/X_train_transformed.joblib
      hash: md5
      md5: d99b5550f4715b36f7f853d47765da45
      size: 4557585
    - path: artifacts/data_transformation/X_val_transformed.joblib
      hash: md5
      md5: 2274e3650314cd263f3e9297053151d9
      size: 976865
    - path: artifacts/data_transformation/y_test.csv
      hash: md5
      md5: 2ea80382aee56252671dd88014c3416c
      size: 16665
    - path: artifacts/data_transformation/y_train.csv
      hash: md5
      md5: 7c5627d5b6ad4eeb305b8f2b4171dd34
      size: 77700
    - path: artifacts/data_transformation/y_val.csv
      hash: md5
      md5: 00b02c2d0e05a47aebe9065674edda9d
      size: 16665
  model_training:
    cmd: python src/customer_churn/pipelines/pipe_04_model_trainer.py
    deps:
    - path: config/config.yaml
      hash: md5
      md5: 75455482a504ed60d504fe0d9c6423bf
      size: 2855
    - path: src/customer_churn/pipelines/pipe_04_model_trainer.py
      hash: md5
      md5: 1f56946e6c53ccccfebcd37988c10670
      size: 1695
    outs:
    - path: artifacts/model_trainer/model.joblib
      hash: md5
      md5: 91fa0db2dd51485826409632a98271e4
      size: 1045148
  model_evaluation:
    cmd: python src/customer_churn/pipelines/pipe_05_model_evaluation.py
    deps:
    - path: config/config.yaml
      hash: md5
      md5: 75455482a504ed60d504fe0d9c6423bf
      size: 2855
    - path: src/customer_churn/pipelines/pipe_05_model_evaluation.py
      hash: md5
      md5: 9f56ae8b72fc9ea79e37d4f739b30bd3
      size: 1640
    outs:
    - path: artifacts/model_evaluation/evaluation_metrics.json
      hash: md5
      md5: 7e59feeeaef6db8cc4e7ded2a5e618a0
      size: 221
    - path: artifacts/model_evaluation/pr_curve.png
      hash: md5
      md5: 66d8ec02dff1aaff8eaefcbbeeb8a99c
      size: 32252
    - path: artifacts/model_evaluation/roc_curve.png
      hash: md5
      md5: d61322605e60ecd16c334cadcd9e009b
      size: 43148
  model_validation:
    cmd: python src/customer_churn/pipelines/pipe_06_model_validation.py
    deps:
    - path: config/config.yaml
      hash: md5
      md5: 75455482a504ed60d504fe0d9c6423bf
      size: 2855
    - path: src/customer_churn/pipelines/pipe_06_model_validation.py
      hash: md5
      md5: c7abb68e27347ea7d786d6df3e7c3b39
      size: 1550
    outs:
    - path: artifacts/model_validation/pr_curve.png
      hash: md5
      md5: bd646d64d6a424219ac603d526d20a2c
      size: 32113
    - path: artifacts/model_validation/roc_curve.png
      hash: md5
      md5: 0ec33cdbff47e3487a6bfc4f0951a3a7
      size: 43479
    - path: artifacts/model_validation/validation_metrics.json
      hash: md5
      md5: afb4640f9bfd21a86830005dcd3d98a3
      size: 221
