schema: '2.0'
stages:
  data_ingestion:
    cmd: python src/customer_churn/pipelines/pipe_01_data_ingestion.py
    deps:
    - path: config/config.yaml
      hash: md5
      md5: 029bbb0687f79ba43f905df70ae81cc6
      size: 232
    - path: src/customer_churn/pipelines/pipe_01_data_ingestion.py
      hash: md5
      md5: dda2ce69c8e3a9eb775c5aa9037c0dea
      size: 1285
    outs:
    - path: artifacts/data_ingestion/churndb.csv
      hash: md5
      md5: 17a8828a94a2f9f184cb61bec8ca299d
      size: 7705796
    - path: artifacts/data_ingestion/metadata.json
      hash: md5
      md5: d9c3e030337a7ffe967ee13ad1bff910
      size: 206
